
Microsoft Visual Studio Solution File, Format Version 12.00
# Visual Studio Version 16
VisualStudioVersion = 16.0.31829.152
MinimumVisualStudioVersion = 10.0.40219.1
Project("{8BC9CEB8-8B4A-11D0-8D11-00A0C91BC942}") = "Engine3D", "Engine3D\Engine3D.vcxproj", "{A801DBDC-7316-4946-A779-510E815A7CDB}"
EndProject
Global
	GlobalSection(SolutionConfigurationPlatforms) = preSolution
		Debug|x64 = Debug|x64
		Debug|x86 = Debug|x86
		Release|x64 = Release|x64
		Release|x86 = Release|x86
	EndGlobalSection
	GlobalSection(ProjectConfigurationPlatforms) = postSolution
		{A801DBDC-7316-4946-A779-510E815A7CDB}.Debug|x64.ActiveCfg = Debug|x64
		{A801DBDC-7316-4946-A779-510E815A7CDB}.Debug|x64.Build.0 = Debug|x64
		{A801DBDC-7316-4946-A779-510E815A7CDB}.Debug|x86.ActiveCfg = Debug|Win32
		{A801DBDC-7316-4946-A779-510E815A7CDB}.Debug|x86.Build.0 = Debug|Win32
		{A801DBDC-7316-4946-A779-510E815A7CDB}.Release|x64.ActiveCfg = Release|x64
		{A801DBDC-7316-4946-A779-510E815A7CDB}.Release|x64.Build.0 = Release|x64
		{A801DBDC-7316-4946-A779-510E815A7CDB}.Release|x86.ActiveCfg = Release|Win32
		{A801DBDC-7316-4946-A779-510E815A7CDB}.Release|x86.Build.0 = Release|Win32
	EndGlobalSection
	GlobalSection(SolutionProperties) = preSolution
		HideSolutionNode = FALSE
	EndGlobalSection
	GlobalSection(ExtensibilityGlobals) = postSolution
		SolutionGuid = {BDF05ACA-CCB4-44BD-B273-C8FB3495AD99}
	EndGlobalSection
EndGlobal
